
Microsoft Visual Studio Solution File, Format Version 12.00
# Visual Studio 15
VisualStudioVersion = 15.0.28307.136
MinimumVisualStudioVersion = 10.0.40219.1
Project("{FAE04EC0-301F-11D3-BF4B-00C04F79EFBC}") = "FrameworkAutomatizador", "FrameworkAutomatizador\FrameworkAutomatizador.csproj", "{03ACE9BF-D570-4A8B-9710-F1AE5125C6F1}"
EndProject
Project("{FAE04EC0-301F-11D3-BF4B-00C04F79EFBC}") = "AutomatedProcess", "AutomatedProcess\AutomatedProcess.csproj", "{A1D445DF-7E8E-4640-B8FD-117E31496AAE}"
EndProject
Global
	GlobalSection(SolutionConfigurationPlatforms) = preSolution
		Debug|Any CPU = Debug|Any CPU
		Release|Any CPU = Release|Any CPU
	EndGlobalSection
	GlobalSection(ProjectConfigurationPlatforms) = postSolution
		{03ACE9BF-D570-4A8B-9710-F1AE5125C6F1}.Debug|Any CPU.ActiveCfg = Debug|Any CPU
		{03ACE9BF-D570-4A8B-9710-F1AE5125C6F1}.Debug|Any CPU.Build.0 = Debug|Any CPU
		{03ACE9BF-D570-4A8B-9710-F1AE5125C6F1}.Release|Any CPU.ActiveCfg = Release|Any CPU
		{03ACE9BF-D570-4A8B-9710-F1AE5125C6F1}.Release|Any CPU.Build.0 = Release|Any CPU
		{A1D445DF-7E8E-4640-B8FD-117E31496AAE}.Debug|Any CPU.ActiveCfg = Debug|Any CPU
		{A1D445DF-7E8E-4640-B8FD-117E31496AAE}.Debug|Any CPU.Build.0 = Debug|Any CPU
		{A1D445DF-7E8E-4640-B8FD-117E31496AAE}.Release|Any CPU.ActiveCfg = Release|Any CPU
		{A1D445DF-7E8E-4640-B8FD-117E31496AAE}.Release|Any CPU.Build.0 = Release|Any CPU
	EndGlobalSection
	GlobalSection(SolutionProperties) = preSolution
		HideSolutionNode = FALSE
	EndGlobalSection
	GlobalSection(ExtensibilityGlobals) = postSolution
		SolutionGuid = {63B01A57-40C7-41C1-A640-0F8C3C02CACA}
	EndGlobalSection
EndGlobal
